
Microsoft Visual Studio Solution File, Format Version 12.00
# Visual Studio Version 17
VisualStudioVersion = 17.5.002.0
MinimumVisualStudioVersion = 10.0.40219.1
Project("{9A19103F-16F7-4668-BE54-9A1E7A4F7556}") = "double (1)", "double (1).csproj", "{8E13B3D9-58BD-4E6E-A5DF-65C7AAD3B6EC}"
EndProject
Global
	GlobalSection(SolutionConfigurationPlatforms) = preSolution
		Debug|Any CPU = Debug|Any CPU
		Release|Any CPU = Release|Any CPU
	EndGlobalSection
	GlobalSection(ProjectConfigurationPlatforms) = postSolution
		{8E13B3D9-58BD-4E6E-A5DF-65C7AAD3B6EC}.Debug|Any CPU.ActiveCfg = Debug|Any CPU
		{8E13B3D9-58BD-4E6E-A5DF-65C7AAD3B6EC}.Debug|Any CPU.Build.0 = Debug|Any CPU
		{8E13B3D9-58BD-4E6E-A5DF-65C7AAD3B6EC}.Release|Any CPU.ActiveCfg = Release|Any CPU
		{8E13B3D9-58BD-4E6E-A5DF-65C7AAD3B6EC}.Release|Any CPU.Build.0 = Release|Any CPU
	EndGlobalSection
	GlobalSection(SolutionProperties) = preSolution
		HideSolutionNode = FALSE
	EndGlobalSection
	GlobalSection(ExtensibilityGlobals) = postSolution
		SolutionGuid = {3097EDF9-D376-4ADB-8223-D048B8F6EB8B}
	EndGlobalSection
EndGlobal
